// !$*UTF8*$!
{
	archiveVersion = 1;
	classes = {
	};
	objectVersion = 48;
	objects = {

/* Begin PBXBuildFile section */
		2DD1FB3C1E1A79C95D9C22A6 /* Pods_Journals_ios.framework in Frameworks */ = {isa = PBXBuildFile; fileRef = A823CBFB51CD717EFD5660B8 /* Pods_Journals_ios.framework */; };
		7F65BEA51FDA2A49008B1031 /* AppDelegate.swift in Sources */ = {isa = PBXBuildFile; fileRef = 7F65BEA41FDA2A49008B1031 /* AppDelegate.swift */; };
		7F65BEA71FDA2A49008B1031 /* JournalsListController.swift in Sources */ = {isa = PBXBuildFile; fileRef = 7F65BEA61FDA2A49008B1031 /* JournalsListController.swift */; };
		7F65BEAC1FDA2A49008B1031 /* Assets.xcassets in Resources */ = {isa = PBXBuildFile; fileRef = 7F65BEAB1FDA2A49008B1031 /* Assets.xcassets */; };
		7F65BEAF1FDA2A49008B1031 /* LaunchScreen.storyboard in Resources */ = {isa = PBXBuildFile; fileRef = 7F65BEAD1FDA2A49008B1031 /* LaunchScreen.storyboard */; };
		7F65BEB81FDA34CB008B1031 /* GoogleService-Info.plist in Resources */ = {isa = PBXBuildFile; fileRef = 7F65BEB71FDA34CB008B1031 /* GoogleService-Info.plist */; };
		7F65BEBA1FDA3A21008B1031 /* TitleView.xib in Resources */ = {isa = PBXBuildFile; fileRef = 7F65BEB91FDA3A21008B1031 /* TitleView.xib */; };
		7F65BEBC1FDA3CDC008B1031 /* TitleView.swift in Sources */ = {isa = PBXBuildFile; fileRef = 7F65BEBB1FDA3CDC008B1031 /* TitleView.swift */; };
		7F65BEBE1FDA42EB008B1031 /* UINibExtensions.swift in Sources */ = {isa = PBXBuildFile; fileRef = 7F65BEBD1FDA42EB008B1031 /* UINibExtensions.swift */; };
		7F65BEC01FDA4314008B1031 /* UIViewExtensions.swift in Sources */ = {isa = PBXBuildFile; fileRef = 7F65BEBF1FDA4314008B1031 /* UIViewExtensions.swift */; };
		7F65BEC31FDA46B0008B1031 /* JournalsCell.swift in Sources */ = {isa = PBXBuildFile; fileRef = 7F65BEC11FDA46B0008B1031 /* JournalsCell.swift */; };
		7F65BEC41FDA46B0008B1031 /* JournalsCell.xib in Resources */ = {isa = PBXBuildFile; fileRef = 7F65BEC21FDA46B0008B1031 /* JournalsCell.xib */; };
		7F65BECA1FDA529B008B1031 /* CreatingController.swift in Sources */ = {isa = PBXBuildFile; fileRef = 7F65BEC91FDA529B008B1031 /* CreatingController.swift */; };
		7F65BECC1FDA53D6008B1031 /* Creating.storyboard in Resources */ = {isa = PBXBuildFile; fileRef = 7F65BECB1FDA53D6008B1031 /* Creating.storyboard */; };
		7F65BECE1FDA7519008B1031 /* Journal.swift in Sources */ = {isa = PBXBuildFile; fileRef = 7F65BECD1FDA7519008B1031 /* Journal.swift */; };
		7F65BED01FDA8336008B1031 /* EditingController.swift in Sources */ = {isa = PBXBuildFile; fileRef = 7F65BECF1FDA8336008B1031 /* EditingController.swift */; };
		7F65BED21FDA8480008B1031 /* Editing.storyboard in Resources */ = {isa = PBXBuildFile; fileRef = 7F65BED11FDA8480008B1031 /* Editing.storyboard */; };
/* End PBXBuildFile section */

/* Begin PBXFileReference section */
		7F65BEA11FDA2A49008B1031 /* Journals-ios.app */ = {isa = PBXFileReference; explicitFileType = wrapper.application; includeInIndex = 0; path = "Journals-ios.app"; sourceTree = BUILT_PRODUCTS_DIR; };
		7F65BEA41FDA2A49008B1031 /* AppDelegate.swift */ = {isa = PBXFileReference; lastKnownFileType = sourcecode.swift; path = AppDelegate.swift; sourceTree = "<group>"; };
		7F65BEA61FDA2A49008B1031 /* JournalsListController.swift */ = {isa = PBXFileReference; lastKnownFileType = sourcecode.swift; path = JournalsListController.swift; sourceTree = "<group>"; };
		7F65BEAB1FDA2A49008B1031 /* Assets.xcassets */ = {isa = PBXFileReference; lastKnownFileType = folder.assetcatalog; path = Assets.xcassets; sourceTree = "<group>"; };
		7F65BEAE1FDA2A49008B1031 /* Base */ = {isa = PBXFileReference; lastKnownFileType = file.storyboard; name = Base; path = Base.lproj/LaunchScreen.storyboard; sourceTree = "<group>"; };
		7F65BEB01FDA2A49008B1031 /* Info.plist */ = {isa = PBXFileReference; lastKnownFileType = text.plist.xml; path = Info.plist; sourceTree = "<group>"; };
		7F65BEB71FDA34CB008B1031 /* GoogleService-Info.plist */ = {isa = PBXFileReference; fileEncoding = 4; lastKnownFileType = text.plist.xml; path = "GoogleService-Info.plist"; sourceTree = "<group>"; };
		7F65BEB91FDA3A21008B1031 /* TitleView.xib */ = {isa = PBXFileReference; lastKnownFileType = file.xib; path = TitleView.xib; sourceTree = "<group>"; };
		7F65BEBB1FDA3CDC008B1031 /* TitleView.swift */ = {isa = PBXFileReference; lastKnownFileType = sourcecode.swift; path = TitleView.swift; sourceTree = "<group>"; };
		7F65BEBD1FDA42EB008B1031 /* UINibExtensions.swift */ = {isa = PBXFileReference; lastKnownFileType = sourcecode.swift; path = UINibExtensions.swift; sourceTree = "<group>"; };
		7F65BEBF1FDA4314008B1031 /* UIViewExtensions.swift */ = {isa = PBXFileReference; lastKnownFileType = sourcecode.swift; path = UIViewExtensions.swift; sourceTree = "<group>"; };
		7F65BEC11FDA46B0008B1031 /* JournalsCell.swift */ = {isa = PBXFileReference; lastKnownFileType = sourcecode.swift; path = JournalsCell.swift; sourceTree = "<group>"; };
		7F65BEC21FDA46B0008B1031 /* JournalsCell.xib */ = {isa = PBXFileReference; lastKnownFileType = file.xib; path = JournalsCell.xib; sourceTree = "<group>"; };
		7F65BEC91FDA529B008B1031 /* CreatingController.swift */ = {isa = PBXFileReference; lastKnownFileType = sourcecode.swift; path = CreatingController.swift; sourceTree = "<group>"; };
		7F65BECB1FDA53D6008B1031 /* Creating.storyboard */ = {isa = PBXFileReference; lastKnownFileType = file.storyboard; path = Creating.storyboard; sourceTree = "<group>"; };
		7F65BECD1FDA7519008B1031 /* Journal.swift */ = {isa = PBXFileReference; lastKnownFileType = sourcecode.swift; path = Journal.swift; sourceTree = "<group>"; };
		7F65BECF1FDA8336008B1031 /* EditingController.swift */ = {isa = PBXFileReference; lastKnownFileType = sourcecode.swift; path = EditingController.swift; sourceTree = "<group>"; };
		7F65BED11FDA8480008B1031 /* Editing.storyboard */ = {isa = PBXFileReference; lastKnownFileType = file.storyboard; path = Editing.storyboard; sourceTree = "<group>"; };
		A823CBFB51CD717EFD5660B8 /* Pods_Journals_ios.framework */ = {isa = PBXFileReference; explicitFileType = wrapper.framework; includeInIndex = 0; path = Pods_Journals_ios.framework; sourceTree = BUILT_PRODUCTS_DIR; };
		BA9165135599AF6DC170EA40 /* Pods-Journals-ios.release.xcconfig */ = {isa = PBXFileReference; includeInIndex = 1; lastKnownFileType = text.xcconfig; name = "Pods-Journals-ios.release.xcconfig"; path = "Pods/Target Support Files/Pods-Journals-ios/Pods-Journals-ios.release.xcconfig"; sourceTree = "<group>"; };
		DA977454C216E70972B7C866 /* Pods-Journals-ios.debug.xcconfig */ = {isa = PBXFileReference; includeInIndex = 1; lastKnownFileType = text.xcconfig; name = "Pods-Journals-ios.debug.xcconfig"; path = "Pods/Target Support Files/Pods-Journals-ios/Pods-Journals-ios.debug.xcconfig"; sourceTree = "<group>"; };
/* End PBXFileReference section */

/* Begin PBXFrameworksBuildPhase section */
		7F65BE9E1FDA2A49008B1031 /* Frameworks */ = {
			isa = PBXFrameworksBuildPhase;
			buildActionMask = 2147483647;
			files = (
				2DD1FB3C1E1A79C95D9C22A6 /* Pods_Journals_ios.framework in Frameworks */,
			);
			runOnlyForDeploymentPostprocessing = 0;
		};
/* End PBXFrameworksBuildPhase section */

/* Begin PBXGroup section */
		7F65BE981FDA2A49008B1031 = {
			isa = PBXGroup;
			children = (
				7F65BEA31FDA2A49008B1031 /* Journals-ios */,
				7F65BEA21FDA2A49008B1031 /* Products */,
				A4300E5BF8B80532EEAD1267 /* Pods */,
				BD7033095755F5E1A8A37CF9 /* Frameworks */,
			);
			sourceTree = "<group>";
		};
		7F65BEA21FDA2A49008B1031 /* Products */ = {
			isa = PBXGroup;
			children = (
				7F65BEA11FDA2A49008B1031 /* Journals-ios.app */,
			);
			name = Products;
			sourceTree = "<group>";
		};
		7F65BEA31FDA2A49008B1031 /* Journals-ios */ = {
			isa = PBXGroup;
			children = (
				7F65BEA41FDA2A49008B1031 /* AppDelegate.swift */,
				7F65BECD1FDA7519008B1031 /* Journal.swift */,
				7F65BEA61FDA2A49008B1031 /* JournalsListController.swift */,
				7F65BED11FDA8480008B1031 /* Editing.storyboard */,
				7F65BECF1FDA8336008B1031 /* EditingController.swift */,
				7F65BECB1FDA53D6008B1031 /* Creating.storyboard */,
				7F65BEC91FDA529B008B1031 /* CreatingController.swift */,
				7F65BEB91FDA3A21008B1031 /* TitleView.xib */,
				7F65BEBB1FDA3CDC008B1031 /* TitleView.swift */,
				7F65BEAB1FDA2A49008B1031 /* Assets.xcassets */,
				7F65BEAD1FDA2A49008B1031 /* LaunchScreen.storyboard */,
				7F65BEB01FDA2A49008B1031 /* Info.plist */,
				7F65BEB71FDA34CB008B1031 /* GoogleService-Info.plist */,
				7F65BEBD1FDA42EB008B1031 /* UINibExtensions.swift */,
				7F65BEBF1FDA4314008B1031 /* UIViewExtensions.swift */,
				7F65BEC11FDA46B0008B1031 /* JournalsCell.swift */,
				7F65BEC21FDA46B0008B1031 /* JournalsCell.xib */,
			);
			path = "Journals-ios";
			sourceTree = "<group>";
		};
		A4300E5BF8B80532EEAD1267 /* Pods */ = {
			isa = PBXGroup;
			children = (
				DA977454C216E70972B7C866 /* Pods-Journals-ios.debug.xcconfig */,
				BA9165135599AF6DC170EA40 /* Pods-Journals-ios.release.xcconfig */,
			);
			name = Pods;
			sourceTree = "<group>";
		};
		BD7033095755F5E1A8A37CF9 /* Frameworks */ = {
			isa = PBXGroup;
			children = (
				A823CBFB51CD717EFD5660B8 /* Pods_Journals_ios.framework */,
			);
			name = Frameworks;
			sourceTree = "<group>";
		};
/* End PBXGroup section */

/* Begin PBXNativeTarget section */
		7F65BEA01FDA2A49008B1031 /* Journals-ios */ = {
			isa = PBXNativeTarget;
			buildConfigurationList = 7F65BEB31FDA2A49008B1031 /* Build configuration list for PBXNativeTarget "Journals-ios" */;
			buildPhases = (
				14F31D7168DE9D1F61F80BAE /* [CP] Check Pods Manifest.lock */,
				7F65BE9D1FDA2A49008B1031 /* Sources */,
				7F65BE9E1FDA2A49008B1031 /* Frameworks */,
				7F65BE9F1FDA2A49008B1031 /* Resources */,
				2A1EBB63D013473D8FD14991 /* [CP] Embed Pods Frameworks */,
				7F65BEB61FDA2F33008B1031 /* ShellScript */,
			);
			buildRules = (
			);
			dependencies = (
			);
			name = "Journals-ios";
			productName = "Journals-ios";
			productReference = 7F65BEA11FDA2A49008B1031 /* Journals-ios.app */;
			productType = "com.apple.product-type.application";
		};
/* End PBXNativeTarget section */

/* Begin PBXProject section */
		7F65BE991FDA2A49008B1031 /* Project object */ = {
			isa = PBXProject;
			attributes = {
				LastSwiftUpdateCheck = 0900;
				LastUpgradeCheck = 0900;
				ORGANIZATIONNAME = "Aries Yang";
				TargetAttributes = {
					7F65BEA01FDA2A49008B1031 = {
						CreatedOnToolsVersion = 9.0.1;
						ProvisioningStyle = Automatic;
					};
				};
			};
			buildConfigurationList = 7F65BE9C1FDA2A49008B1031 /* Build configuration list for PBXProject "Journals-ios" */;
			compatibilityVersion = "Xcode 8.0";
			developmentRegion = en;
			hasScannedForEncodings = 0;
			knownRegions = (
				en,
				Base,
			);
			mainGroup = 7F65BE981FDA2A49008B1031;
			productRefGroup = 7F65BEA21FDA2A49008B1031 /* Products */;
			projectDirPath = "";
			projectRoot = "";
			targets = (
				7F65BEA01FDA2A49008B1031 /* Journals-ios */,
			);
		};
/* End PBXProject section */

/* Begin PBXResourcesBuildPhase section */
		7F65BE9F1FDA2A49008B1031 /* Resources */ = {
			isa = PBXResourcesBuildPhase;
			buildActionMask = 2147483647;
			files = (
				7F65BEAF1FDA2A49008B1031 /* LaunchScreen.storyboard in Resources */,
				7F65BEC41FDA46B0008B1031 /* JournalsCell.xib in Resources */,
				7F65BEB81FDA34CB008B1031 /* GoogleService-Info.plist in Resources */,
				7F65BEAC1FDA2A49008B1031 /* Assets.xcassets in Resources */,
				7F65BECC1FDA53D6008B1031 /* Creating.storyboard in Resources */,
				7F65BED21FDA8480008B1031 /* Editing.storyboard in Resources */,
				7F65BEBA1FDA3A21008B1031 /* TitleView.xib in Resources */,
			);
			runOnlyForDeploymentPostprocessing = 0;
		};
/* End PBXResourcesBuildPhase section */

/* Begin PBXShellScriptBuildPhase section */
		14F31D7168DE9D1F61F80BAE /* [CP] Check Pods Manifest.lock */ = {
			isa = PBXShellScriptBuildPhase;
			buildActionMask = 2147483647;
			files = (
			);
			inputPaths = (
				"${PODS_PODFILE_DIR_PATH}/Podfile.lock",
				"${PODS_ROOT}/Manifest.lock",
			);
			name = "[CP] Check Pods Manifest.lock";
			outputPaths = (
				"$(DERIVED_FILE_DIR)/Pods-Journals-ios-checkManifestLockResult.txt",
			);
			runOnlyForDeploymentPostprocessing = 0;
			shellPath = /bin/sh;
			shellScript = "diff \"${PODS_PODFILE_DIR_PATH}/Podfile.lock\" \"${PODS_ROOT}/Manifest.lock\" > /dev/null\nif [ $? != 0 ] ; then\n    # print error to STDERR\n    echo \"error: The sandbox is not in sync with the Podfile.lock. Run 'pod install' or update your CocoaPods installation.\" >&2\n    exit 1\nfi\n# This output is used by Xcode 'outputs' to avoid re-running this script phase.\necho \"SUCCESS\" > \"${SCRIPT_OUTPUT_FILE_0}\"\n";
			showEnvVarsInLog = 0;
		};
		2A1EBB63D013473D8FD14991 /* [CP] Embed Pods Frameworks */ = {
			isa = PBXShellScriptBuildPhase;
			buildActionMask = 2147483647;
			files = (
			);
			inputPaths = (
				"${SRCROOT}/Pods/Target Support Files/Pods-Journals-ios/Pods-Journals-ios-frameworks.sh",
				"${BUILT_PRODUCTS_DIR}/GTMSessionFetcher/GTMSessionFetcher.framework",
				"${BUILT_PRODUCTS_DIR}/GoogleToolboxForMac/GoogleToolboxForMac.framework",
				"${BUILT_PRODUCTS_DIR}/ImagePicker/ImagePicker.framework",
				"${BUILT_PRODUCTS_DIR}/Nuke/Nuke.framework",
				"${BUILT_PRODUCTS_DIR}/leveldb-library/leveldb.framework",
				"${BUILT_PRODUCTS_DIR}/nanopb/nanopb.framework",
			);
			name = "[CP] Embed Pods Frameworks";
			outputPaths = (
				"${TARGET_BUILD_DIR}/${FRAMEWORKS_FOLDER_PATH}/GTMSessionFetcher.framework",
				"${TARGET_BUILD_DIR}/${FRAMEWORKS_FOLDER_PATH}/GoogleToolboxForMac.framework",
				"${TARGET_BUILD_DIR}/${FRAMEWORKS_FOLDER_PATH}/ImagePicker.framework",
				"${TARGET_BUILD_DIR}/${FRAMEWORKS_FOLDER_PATH}/Nuke.framework",
				"${TARGET_BUILD_DIR}/${FRAMEWORKS_FOLDER_PATH}/leveldb.framework",
				"${TARGET_BUILD_DIR}/${FRAMEWORKS_FOLDER_PATH}/nanopb.framework",
			);
			runOnlyForDeploymentPostprocessing = 0;
			shellPath = /bin/sh;
			shellScript = "\"${SRCROOT}/Pods/Target Support Files/Pods-Journals-ios/Pods-Journals-ios-frameworks.sh\"\n";
			showEnvVarsInLog = 0;
		};
		7F65BEB61FDA2F33008B1031 /* ShellScript */ = {
			isa = PBXShellScriptBuildPhase;
			buildActionMask = 2147483647;
			files = (
			);
			inputPaths = (
			);
			outputPaths = (
			);
			runOnlyForDeploymentPostprocessing = 0;
			shellPath = /bin/sh;
			shellScript = "\"${PODS_ROOT}/SwiftLint/swiftlint\"";
		};
/* End PBXShellScriptBuildPhase section */

/* Begin PBXSourcesBuildPhase section */
		7F65BE9D1FDA2A49008B1031 /* Sources */ = {
			isa = PBXSourcesBuildPhase;
			buildActionMask = 2147483647;
			files = (
				7F65BED01FDA8336008B1031 /* EditingController.swift in Sources */,
				7F65BEA71FDA2A49008B1031 /* JournalsListController.swift in Sources */,
				7F65BEC01FDA4314008B1031 /* UIViewExtensions.swift in Sources */,
				7F65BECE1FDA7519008B1031 /* Journal.swift in Sources */,
				7F65BEA51FDA2A49008B1031 /* AppDelegate.swift in Sources */,
				7F65BEC31FDA46B0008B1031 /* JournalsCell.swift in Sources */,
				7F65BECA1FDA529B008B1031 /* CreatingController.swift in Sources */,
				7F65BEBC1FDA3CDC008B1031 /* TitleView.swift in Sources */,
				7F65BEBE1FDA42EB008B1031 /* UINibExtensions.swift in Sources */,
			);
			runOnlyForDeploymentPostprocessing = 0;
		};
/* End PBXSourcesBuildPhase section */

/* Begin PBXVariantGroup section */
		7F65BEAD1FDA2A49008B1031 /* LaunchScreen.storyboard */ = {
			isa = PBXVariantGroup;
			children = (
				7F65BEAE1FDA2A49008B1031 /* Base */,
			);
			name = LaunchScreen.storyboard;
			sourceTree = "<group>";
		};
/* End PBXVariantGroup section */

/* Begin XCBuildConfiguration section */
		7F65BEB11FDA2A49008B1031 /* Debug */ = {
			isa = XCBuildConfiguration;
			buildSettings = {
				ALWAYS_SEARCH_USER_PATHS = NO;
				CLANG_ANALYZER_NONNULL = YES;
				CLANG_ANALYZER_NUMBER_OBJECT_CONVERSION = YES_AGGRESSIVE;
				CLANG_CXX_LANGUAGE_STANDARD = "gnu++14";
				CLANG_CXX_LIBRARY = "libc++";
				CLANG_ENABLE_MODULES = YES;
				CLANG_ENABLE_OBJC_ARC = YES;
				CLANG_WARN_BLOCK_CAPTURE_AUTORELEASING = YES;
				CLANG_WARN_BOOL_CONVERSION = YES;
				CLANG_WARN_COMMA = YES;
				CLANG_WARN_CONSTANT_CONVERSION = YES;
				CLANG_WARN_DIRECT_OBJC_ISA_USAGE = YES_ERROR;
				CLANG_WARN_DOCUMENTATION_COMMENTS = YES;
				CLANG_WARN_EMPTY_BODY = YES;
				CLANG_WARN_ENUM_CONVERSION = YES;
				CLANG_WARN_INFINITE_RECURSION = YES;
				CLANG_WARN_INT_CONVERSION = YES;
				CLANG_WARN_NON_LITERAL_NULL_CONVERSION = YES;
				CLANG_WARN_OBJC_LITERAL_CONVERSION = YES;
				CLANG_WARN_OBJC_ROOT_CLASS = YES_ERROR;
				CLANG_WARN_RANGE_LOOP_ANALYSIS = YES;
				CLANG_WARN_STRICT_PROTOTYPES = YES;
				CLANG_WARN_SUSPICIOUS_MOVE = YES;
				CLANG_WARN_UNGUARDED_AVAILABILITY = YES_AGGRESSIVE;
				CLANG_WARN_UNREACHABLE_CODE = YES;
				CLANG_WARN__DUPLICATE_METHOD_MATCH = YES;
				CODE_SIGN_IDENTITY = "iPhone Developer";
				COPY_PHASE_STRIP = NO;
				DEBUG_INFORMATION_FORMAT = dwarf;
				ENABLE_STRICT_OBJC_MSGSEND = YES;
				ENABLE_TESTABILITY = YES;
				GCC_C_LANGUAGE_STANDARD = gnu11;
				GCC_DYNAMIC_NO_PIC = NO;
				GCC_NO_COMMON_BLOCKS = YES;
				GCC_OPTIMIZATION_LEVEL = 0;
				GCC_PREPROCESSOR_DEFINITIONS = (
					"DEBUG=1",
					"$(inherited)",
				);
				GCC_WARN_64_TO_32_BIT_CONVERSION = YES;
				GCC_WARN_ABOUT_RETURN_TYPE = YES_ERROR;
				GCC_WARN_UNDECLARED_SELECTOR = YES;
				GCC_WARN_UNINITIALIZED_AUTOS = YES_AGGRESSIVE;
				GCC_WARN_UNUSED_FUNCTION = YES;
				GCC_WARN_UNUSED_VARIABLE = YES;
				IPHONEOS_DEPLOYMENT_TARGET = 11.0;
				MTL_ENABLE_DEBUG_INFO = YES;
				ONLY_ACTIVE_ARCH = YES;
				SDKROOT = iphoneos;
				SWIFT_ACTIVE_COMPILATION_CONDITIONS = DEBUG;
				SWIFT_OPTIMIZATION_LEVEL = "-Onone";
			};
			name = Debug;
		};
		7F65BEB21FDA2A49008B1031 /* Release */ = {
			isa = XCBuildConfiguration;
			buildSettings = {
				ALWAYS_SEARCH_USER_PATHS = NO;
				CLANG_ANALYZER_NONNULL = YES;
				CLANG_ANALYZER_NUMBER_OBJECT_CONVERSION = YES_AGGRESSIVE;
				CLANG_CXX_LANGUAGE_STANDARD = "gnu++14";
				CLANG_CXX_LIBRARY = "libc++";
				CLANG_ENABLE_MODULES = YES;
				CLANG_ENABLE_OBJC_ARC = YES;
				CLANG_WARN_BLOCK_CAPTURE_AUTORELEASING = YES;
				CLANG_WARN_BOOL_CONVERSION = YES;
				CLANG_WARN_COMMA = YES;
				CLANG_WARN_CONSTANT_CONVERSION = YES;
				CLANG_WARN_DIRECT_OBJC_ISA_USAGE = YES_ERROR;
				CLANG_WARN_DOCUMENTATION_COMMENTS = YES;
				CLANG_WARN_EMPTY_BODY = YES;
				CLANG_WARN_ENUM_CONVERSION = YES;
				CLANG_WARN_INFINITE_RECURSION = YES;
				CLANG_WARN_INT_CONVERSION = YES;
				CLANG_WARN_NON_LITERAL_NULL_CONVERSION = YES;
				CLANG_WARN_OBJC_LITERAL_CONVERSION = YES;
				CLANG_WARN_OBJC_ROOT_CLASS = YES_ERROR;
				CLANG_WARN_RANGE_LOOP_ANALYSIS = YES;
				CLANG_WARN_STRICT_PROTOTYPES = YES;
				CLANG_WARN_SUSPICIOUS_MOVE = YES;
				CLANG_WARN_UNGUARDED_AVAILABILITY = YES_AGGRESSIVE;
				CLANG_WARN_UNREACHABLE_CODE = YES;
				CLANG_WARN__DUPLICATE_METHOD_MATCH = YES;
				CODE_SIGN_IDENTITY = "iPhone Developer";
				COPY_PHASE_STRIP = NO;
				DEBUG_INFORMATION_FORMAT = "dwarf-with-dsym";
				ENABLE_NS_ASSERTIONS = NO;
				ENABLE_STRICT_OBJC_MSGSEND = YES;
				GCC_C_LANGUAGE_STANDARD = gnu11;
				GCC_NO_COMMON_BLOCKS = YES;
				GCC_WARN_64_TO_32_BIT_CONVERSION = YES;
				GCC_WARN_ABOUT_RETURN_TYPE = YES_ERROR;
				GCC_WARN_UNDECLARED_SELECTOR = YES;
				GCC_WARN_UNINITIALIZED_AUTOS = YES_AGGRESSIVE;
				GCC_WARN_UNUSED_FUNCTION = YES;
				GCC_WARN_UNUSED_VARIABLE = YES;
				IPHONEOS_DEPLOYMENT_TARGET = 11.0;
				MTL_ENABLE_DEBUG_INFO = NO;
				SDKROOT = iphoneos;
				SWIFT_OPTIMIZATION_LEVEL = "-Owholemodule";
				VALIDATE_PRODUCT = YES;
			};
			name = Release;
		};
		7F65BEB41FDA2A49008B1031 /* Debug */ = {
			isa = XCBuildConfiguration;
			baseConfigurationReference = DA977454C216E70972B7C866 /* Pods-Journals-ios.debug.xcconfig */;
			buildSettings = {
				ASSETCATALOG_COMPILER_APPICON_NAME = AppIcon;
				CODE_SIGN_STYLE = Automatic;
				DEVELOPMENT_TEAM = 3VX9S93JFQ;
				INFOPLIST_FILE = "Journals-ios/Info.plist";
				IPHONEOS_DEPLOYMENT_TARGET = 11.0;
				LD_RUNPATH_SEARCH_PATHS = "$(inherited) @executable_path/Frameworks";
				PRODUCT_BUNDLE_IDENTIFIER = "com.creativeAY.Journals-ios";
				PRODUCT_NAME = "$(TARGET_NAME)";
				SWIFT_VERSION = 4.0;
				TARGETED_DEVICE_FAMILY = 1;
			};
			name = Debug;
		};
		7F65BEB51FDA2A49008B1031 /* Release */ = {
			isa = XCBuildConfiguration;
			baseConfigurationReference = BA9165135599AF6DC170EA40 /* Pods-Journals-ios.release.xcconfig */;
			buildSettings = {
				ASSETCATALOG_COMPILER_APPICON_NAME = AppIcon;
				CODE_SIGN_STYLE = Automatic;
				DEVELOPMENT_TEAM = 3VX9S93JFQ;
				INFOPLIST_FILE = "Journals-ios/Info.plist";
				IPHONEOS_DEPLOYMENT_TARGET = 11.0;
				LD_RUNPATH_SEARCH_PATHS = "$(inherited) @executable_path/Frameworks";
				PRODUCT_BUNDLE_IDENTIFIER = "com.creativeAY.Journals-ios";
				PRODUCT_NAME = "$(TARGET_NAME)";
				SWIFT_VERSION = 4.0;
				TARGETED_DEVICE_FAMILY = 1;
			};
			name = Release;
		};
/* End XCBuildConfiguration section */

/* Begin XCConfigurationList section */
		7F65BE9C1FDA2A49008B1031 /* Build configuration list for PBXProject "Journals-ios" */ = {
			isa = XCConfigurationList;
			buildConfigurations = (
				7F65BEB11FDA2A49008B1031 /* Debug */,
				7F65BEB21FDA2A49008B1031 /* Release */,
			);
			defaultConfigurationIsVisible = 0;
			defaultConfigurationName = Release;
		};
		7F65BEB31FDA2A49008B1031 /* Build configuration list for PBXNativeTarget "Journals-ios" */ = {
			isa = XCConfigurationList;
			buildConfigurations = (
				7F65BEB41FDA2A49008B1031 /* Debug */,
				7F65BEB51FDA2A49008B1031 /* Release */,
			);
			defaultConfigurationIsVisible = 0;
			defaultConfigurationName = Release;
		};
/* End XCConfigurationList section */
	};
	rootObject = 7F65BE991FDA2A49008B1031 /* Project object */;
}
